
Microsoft Visual Studio Solution File, Format Version 12.00
# Visual Studio 15
VisualStudioVersion = 15.0.26430.6
MinimumVisualStudioVersion = 10.0.40219.1
Project("{FAE04EC0-301F-11D3-BF4B-00C04F79EFBC}") = "Benchmarks.Runner.CoreFx", "Benchmarks.Runner.CoreFx\Benchmarks.Runner.CoreFx.csproj", "{1CC398C4-0AF0-448C-9412-104A884F846D}"
EndProject
Project("{FAE04EC0-301F-11D3-BF4B-00C04F79EFBC}") = "Benchmarks.Runner.FullFx", "Benchmarks.Runner.FullFx\Benchmarks.Runner.FullFx.csproj", "{A1A822B0-8306-4A76-A5B9-4E963CFA8F68}"
EndProject
Global
	GlobalSection(SolutionConfigurationPlatforms) = preSolution
		Debug|Any CPU = Debug|Any CPU
		Release|Any CPU = Release|Any CPU
	EndGlobalSection
	GlobalSection(ProjectConfigurationPlatforms) = postSolution
		{1CC398C4-0AF0-448C-9412-104A884F846D}.Debug|Any CPU.ActiveCfg = Debug|Any CPU
		{1CC398C4-0AF0-448C-9412-104A884F846D}.Debug|Any CPU.Build.0 = Debug|Any CPU
		{1CC398C4-0AF0-448C-9412-104A884F846D}.Release|Any CPU.ActiveCfg = Release|Any CPU
		{1CC398C4-0AF0-448C-9412-104A884F846D}.Release|Any CPU.Build.0 = Release|Any CPU
		{A1A822B0-8306-4A76-A5B9-4E963CFA8F68}.Debug|Any CPU.ActiveCfg = Debug|Any CPU
		{A1A822B0-8306-4A76-A5B9-4E963CFA8F68}.Debug|Any CPU.Build.0 = Debug|Any CPU
		{A1A822B0-8306-4A76-A5B9-4E963CFA8F68}.Release|Any CPU.ActiveCfg = Release|Any CPU
		{A1A822B0-8306-4A76-A5B9-4E963CFA8F68}.Release|Any CPU.Build.0 = Release|Any CPU
	EndGlobalSection
	GlobalSection(SolutionProperties) = preSolution
		HideSolutionNode = FALSE
	EndGlobalSection
EndGlobal
